// !$*UTF8*$!
{
	archiveVersion = 1;
	classes = {
	};
	objectVersion = 50;
	objects = {

/* Begin PBXBuildFile section */
		015602A52546A1C9009C8D71 /* SignUpViewController.swift in Sources */ = {isa = PBXBuildFile; fileRef = 015602A42546A1C9009C8D71 /* SignUpViewController.swift */; };
		015602AD2546A1F7009C8D71 /* SignUpViewModel.swift in Sources */ = {isa = PBXBuildFile; fileRef = 015602AC2546A1F7009C8D71 /* SignUpViewModel.swift */; };
		0158199D2547D85A0095CC83 /* TableViewController.swift in Sources */ = {isa = PBXBuildFile; fileRef = 0158199C2547D85A0095CC83 /* TableViewController.swift */; };
		015819A22547D86F0095CC83 /* TableViewModel.swift in Sources */ = {isa = PBXBuildFile; fileRef = 015819A12547D86F0095CC83 /* TableViewModel.swift */; };
		015819AA2547FAEC0095CC83 /* StringTableViewCell.swift in Sources */ = {isa = PBXBuildFile; fileRef = 015819A82547FAEC0095CC83 /* StringTableViewCell.swift */; };
		015819AB2547FAEC0095CC83 /* StringTableViewCell.xib in Resources */ = {isa = PBXBuildFile; fileRef = 015819A92547FAEC0095CC83 /* StringTableViewCell.xib */; };
		015819B02547FB510095CC83 /* StringViewModel.swift in Sources */ = {isa = PBXBuildFile; fileRef = 015819AF2547FB510095CC83 /* StringViewModel.swift */; };
		01D53E572542C912008C98B5 /* AppDelegate.swift in Sources */ = {isa = PBXBuildFile; fileRef = 01D53E562542C912008C98B5 /* AppDelegate.swift */; };
		01D53E592542C912008C98B5 /* SceneDelegate.swift in Sources */ = {isa = PBXBuildFile; fileRef = 01D53E582542C912008C98B5 /* SceneDelegate.swift */; };
		01D53E5B2542C912008C98B5 /* MainViewController.swift in Sources */ = {isa = PBXBuildFile; fileRef = 01D53E5A2542C912008C98B5 /* MainViewController.swift */; };
		01D53E5E2542C912008C98B5 /* Main.storyboard in Resources */ = {isa = PBXBuildFile; fileRef = 01D53E5C2542C912008C98B5 /* Main.storyboard */; };
		01D53E602542C913008C98B5 /* Assets.xcassets in Resources */ = {isa = PBXBuildFile; fileRef = 01D53E5F2542C913008C98B5 /* Assets.xcassets */; };
		01D53E632542C913008C98B5 /* LaunchScreen.storyboard in Resources */ = {isa = PBXBuildFile; fileRef = 01D53E612542C913008C98B5 /* LaunchScreen.storyboard */; };
		01D53E6E2542C913008C98B5 /* UIKit_CombineTests.swift in Sources */ = {isa = PBXBuildFile; fileRef = 01D53E6D2542C913008C98B5 /* UIKit_CombineTests.swift */; };
		01D53E792542C913008C98B5 /* UIKit_CombineUITests.swift in Sources */ = {isa = PBXBuildFile; fileRef = 01D53E782542C913008C98B5 /* UIKit_CombineUITests.swift */; };
		01D53E9B2542CBAC008C98B5 /* LoginViewController.swift in Sources */ = {isa = PBXBuildFile; fileRef = 01D53E9A2542CBAC008C98B5 /* LoginViewController.swift */; };
		01D53EA02542CC0F008C98B5 /* LoginViewModel.swift in Sources */ = {isa = PBXBuildFile; fileRef = 01D53E9F2542CC0F008C98B5 /* LoginViewModel.swift */; };
/* End PBXBuildFile section */

/* Begin PBXContainerItemProxy section */
		01D53E6A2542C913008C98B5 /* PBXContainerItemProxy */ = {
			isa = PBXContainerItemProxy;
			containerPortal = 01D53E4B2542C912008C98B5 /* Project object */;
			proxyType = 1;
			remoteGlobalIDString = 01D53E522542C912008C98B5;
			remoteInfo = "UIKit+Combine";
		};
		01D53E752542C913008C98B5 /* PBXContainerItemProxy */ = {
			isa = PBXContainerItemProxy;
			containerPortal = 01D53E4B2542C912008C98B5 /* Project object */;
			proxyType = 1;
			remoteGlobalIDString = 01D53E522542C912008C98B5;
			remoteInfo = "UIKit+Combine";
		};
/* End PBXContainerItemProxy section */

/* Begin PBXFileReference section */
		015602A42546A1C9009C8D71 /* SignUpViewController.swift */ = {isa = PBXFileReference; lastKnownFileType = sourcecode.swift; path = SignUpViewController.swift; sourceTree = "<group>"; };
		015602AC2546A1F7009C8D71 /* SignUpViewModel.swift */ = {isa = PBXFileReference; lastKnownFileType = sourcecode.swift; path = SignUpViewModel.swift; sourceTree = "<group>"; };
		0158199C2547D85A0095CC83 /* TableViewController.swift */ = {isa = PBXFileReference; lastKnownFileType = sourcecode.swift; path = TableViewController.swift; sourceTree = "<group>"; };
		015819A12547D86F0095CC83 /* TableViewModel.swift */ = {isa = PBXFileReference; lastKnownFileType = sourcecode.swift; path = TableViewModel.swift; sourceTree = "<group>"; };
		015819A82547FAEC0095CC83 /* StringTableViewCell.swift */ = {isa = PBXFileReference; lastKnownFileType = sourcecode.swift; path = StringTableViewCell.swift; sourceTree = "<group>"; };
		015819A92547FAEC0095CC83 /* StringTableViewCell.xib */ = {isa = PBXFileReference; lastKnownFileType = file.xib; path = StringTableViewCell.xib; sourceTree = "<group>"; };
		015819AF2547FB510095CC83 /* StringViewModel.swift */ = {isa = PBXFileReference; lastKnownFileType = sourcecode.swift; path = StringViewModel.swift; sourceTree = "<group>"; };
		01D53E532542C912008C98B5 /* UIKit+Combine.app */ = {isa = PBXFileReference; explicitFileType = wrapper.application; includeInIndex = 0; path = "UIKit+Combine.app"; sourceTree = BUILT_PRODUCTS_DIR; };
		01D53E562542C912008C98B5 /* AppDelegate.swift */ = {isa = PBXFileReference; lastKnownFileType = sourcecode.swift; path = AppDelegate.swift; sourceTree = "<group>"; };
		01D53E582542C912008C98B5 /* SceneDelegate.swift */ = {isa = PBXFileReference; lastKnownFileType = sourcecode.swift; path = SceneDelegate.swift; sourceTree = "<group>"; };
		01D53E5A2542C912008C98B5 /* MainViewController.swift */ = {isa = PBXFileReference; lastKnownFileType = sourcecode.swift; path = MainViewController.swift; sourceTree = "<group>"; };
		01D53E5D2542C912008C98B5 /* Base */ = {isa = PBXFileReference; lastKnownFileType = file.storyboard; name = Base; path = Base.lproj/Main.storyboard; sourceTree = "<group>"; };
		01D53E5F2542C913008C98B5 /* Assets.xcassets */ = {isa = PBXFileReference; lastKnownFileType = folder.assetcatalog; path = Assets.xcassets; sourceTree = "<group>"; };
		01D53E622542C913008C98B5 /* Base */ = {isa = PBXFileReference; lastKnownFileType = file.storyboard; name = Base; path = Base.lproj/LaunchScreen.storyboard; sourceTree = "<group>"; };
		01D53E642542C913008C98B5 /* Info.plist */ = {isa = PBXFileReference; lastKnownFileType = text.plist.xml; path = Info.plist; sourceTree = "<group>"; };
		01D53E692542C913008C98B5 /* UIKit+CombineTests.xctest */ = {isa = PBXFileReference; explicitFileType = wrapper.cfbundle; includeInIndex = 0; path = "UIKit+CombineTests.xctest"; sourceTree = BUILT_PRODUCTS_DIR; };
		01D53E6D2542C913008C98B5 /* UIKit_CombineTests.swift */ = {isa = PBXFileReference; lastKnownFileType = sourcecode.swift; path = UIKit_CombineTests.swift; sourceTree = "<group>"; };
		01D53E6F2542C913008C98B5 /* Info.plist */ = {isa = PBXFileReference; lastKnownFileType = text.plist.xml; path = Info.plist; sourceTree = "<group>"; };
		01D53E742542C913008C98B5 /* UIKit+CombineUITests.xctest */ = {isa = PBXFileReference; explicitFileType = wrapper.cfbundle; includeInIndex = 0; path = "UIKit+CombineUITests.xctest"; sourceTree = BUILT_PRODUCTS_DIR; };
		01D53E782542C913008C98B5 /* UIKit_CombineUITests.swift */ = {isa = PBXFileReference; lastKnownFileType = sourcecode.swift; path = UIKit_CombineUITests.swift; sourceTree = "<group>"; };
		01D53E7A2542C913008C98B5 /* Info.plist */ = {isa = PBXFileReference; lastKnownFileType = text.plist.xml; path = Info.plist; sourceTree = "<group>"; };
		01D53E9A2542CBAC008C98B5 /* LoginViewController.swift */ = {isa = PBXFileReference; lastKnownFileType = sourcecode.swift; path = LoginViewController.swift; sourceTree = "<group>"; };
		01D53E9F2542CC0F008C98B5 /* LoginViewModel.swift */ = {isa = PBXFileReference; lastKnownFileType = sourcecode.swift; path = LoginViewModel.swift; sourceTree = "<group>"; };
/* End PBXFileReference section */

/* Begin PBXFrameworksBuildPhase section */
		01D53E502542C912008C98B5 /* Frameworks */ = {
			isa = PBXFrameworksBuildPhase;
			buildActionMask = 2147483647;
			files = (
			);
			runOnlyForDeploymentPostprocessing = 0;
		};
		01D53E662542C913008C98B5 /* Frameworks */ = {
			isa = PBXFrameworksBuildPhase;
			buildActionMask = 2147483647;
			files = (
			);
			runOnlyForDeploymentPostprocessing = 0;
		};
		01D53E712542C913008C98B5 /* Frameworks */ = {
			isa = PBXFrameworksBuildPhase;
			buildActionMask = 2147483647;
			files = (
			);
			runOnlyForDeploymentPostprocessing = 0;
		};
/* End PBXFrameworksBuildPhase section */

/* Begin PBXGroup section */
		015602A32546A1A6009C8D71 /* Sign Up */ = {
			isa = PBXGroup;
			children = (
				015602A42546A1C9009C8D71 /* SignUpViewController.swift */,
				015602AC2546A1F7009C8D71 /* SignUpViewModel.swift */,
			);
			path = "Sign Up";
			sourceTree = "<group>";
		};
		0158199B2547D81F0095CC83 /* Table View */ = {
			isa = PBXGroup;
			children = (
				015819A72547F9BB0095CC83 /* Cell */,
				0158199C2547D85A0095CC83 /* TableViewController.swift */,
				015819A12547D86F0095CC83 /* TableViewModel.swift */,
			);
			path = "Table View";
			sourceTree = "<group>";
		};
		015819A72547F9BB0095CC83 /* Cell */ = {
			isa = PBXGroup;
			children = (
				015819A82547FAEC0095CC83 /* StringTableViewCell.swift */,
				015819A92547FAEC0095CC83 /* StringTableViewCell.xib */,
				015819AF2547FB510095CC83 /* StringViewModel.swift */,
			);
			path = Cell;
			sourceTree = "<group>";
		};
		015819C3254800310095CC83 /* New Group */ = {
			isa = PBXGroup;
			children = (
			);
			path = "New Group";
			sourceTree = "<group>";
		};
		01D53E4A2542C912008C98B5 = {
			isa = PBXGroup;
			children = (
				01D53E552542C912008C98B5 /* UIKit+Combine */,
				01D53E6C2542C913008C98B5 /* UIKit+CombineTests */,
				01D53E772542C913008C98B5 /* UIKit+CombineUITests */,
				01D53E542542C912008C98B5 /* Products */,
			);
			sourceTree = "<group>";
		};
		01D53E542542C912008C98B5 /* Products */ = {
			isa = PBXGroup;
			children = (
				01D53E532542C912008C98B5 /* UIKit+Combine.app */,
				01D53E692542C913008C98B5 /* UIKit+CombineTests.xctest */,
				01D53E742542C913008C98B5 /* UIKit+CombineUITests.xctest */,
			);
			name = Products;
			sourceTree = "<group>";
		};
		01D53E552542C912008C98B5 /* UIKit+Combine */ = {
			isa = PBXGroup;
			children = (
				015819C3254800310095CC83 /* New Group */,
				015602A32546A1A6009C8D71 /* Sign Up */,
				01D53E892542CAB0008C98B5 /* Login */,
				0158199B2547D81F0095CC83 /* Table View */,
				01D53E562542C912008C98B5 /* AppDelegate.swift */,
				01D53E582542C912008C98B5 /* SceneDelegate.swift */,
				01D53E5A2542C912008C98B5 /* MainViewController.swift */,
				01D53E5C2542C912008C98B5 /* Main.storyboard */,
				01D53E5F2542C913008C98B5 /* Assets.xcassets */,
				01D53E612542C913008C98B5 /* LaunchScreen.storyboard */,
				01D53E642542C913008C98B5 /* Info.plist */,
			);
			path = "UIKit+Combine";
			sourceTree = "<group>";
		};
		01D53E6C2542C913008C98B5 /* UIKit+CombineTests */ = {
			isa = PBXGroup;
			children = (
				01D53E6D2542C913008C98B5 /* UIKit_CombineTests.swift */,
				01D53E6F2542C913008C98B5 /* Info.plist */,
			);
			path = "UIKit+CombineTests";
			sourceTree = "<group>";
		};
		01D53E772542C913008C98B5 /* UIKit+CombineUITests */ = {
			isa = PBXGroup;
			children = (
				01D53E782542C913008C98B5 /* UIKit_CombineUITests.swift */,
				01D53E7A2542C913008C98B5 /* Info.plist */,
			);
			path = "UIKit+CombineUITests";
			sourceTree = "<group>";
		};
		01D53E892542CAB0008C98B5 /* Login */ = {
			isa = PBXGroup;
			children = (
				01D53E9A2542CBAC008C98B5 /* LoginViewController.swift */,
				01D53E9F2542CC0F008C98B5 /* LoginViewModel.swift */,
			);
			path = Login;
			sourceTree = "<group>";
		};
/* End PBXGroup section */

/* Begin PBXNativeTarget section */
		01D53E522542C912008C98B5 /* UIKit+Combine */ = {
			isa = PBXNativeTarget;
			buildConfigurationList = 01D53E7D2542C913008C98B5 /* Build configuration list for PBXNativeTarget "UIKit+Combine" */;
			buildPhases = (
				01D53E4F2542C912008C98B5 /* Sources */,
				01D53E502542C912008C98B5 /* Frameworks */,
				01D53E512542C912008C98B5 /* Resources */,
			);
			buildRules = (
			);
			dependencies = (
			);
			name = "UIKit+Combine";
			productName = "UIKit+Combine";
			productReference = 01D53E532542C912008C98B5 /* UIKit+Combine.app */;
			productType = "com.apple.product-type.application";
		};
		01D53E682542C913008C98B5 /* UIKit+CombineTests */ = {
			isa = PBXNativeTarget;
			buildConfigurationList = 01D53E802542C913008C98B5 /* Build configuration list for PBXNativeTarget "UIKit+CombineTests" */;
			buildPhases = (
				01D53E652542C913008C98B5 /* Sources */,
				01D53E662542C913008C98B5 /* Frameworks */,
				01D53E672542C913008C98B5 /* Resources */,
			);
			buildRules = (
			);
			dependencies = (
				01D53E6B2542C913008C98B5 /* PBXTargetDependency */,
			);
			name = "UIKit+CombineTests";
			productName = "UIKit+CombineTests";
			productReference = 01D53E692542C913008C98B5 /* UIKit+CombineTests.xctest */;
			productType = "com.apple.product-type.bundle.unit-test";
		};
		01D53E732542C913008C98B5 /* UIKit+CombineUITests */ = {
			isa = PBXNativeTarget;
			buildConfigurationList = 01D53E832542C913008C98B5 /* Build configuration list for PBXNativeTarget "UIKit+CombineUITests" */;
			buildPhases = (
				01D53E702542C913008C98B5 /* Sources */,
				01D53E712542C913008C98B5 /* Frameworks */,
				01D53E722542C913008C98B5 /* Resources */,
			);
			buildRules = (
			);
			dependencies = (
				01D53E762542C913008C98B5 /* PBXTargetDependency */,
			);
			name = "UIKit+CombineUITests";
			productName = "UIKit+CombineUITests";
			productReference = 01D53E742542C913008C98B5 /* UIKit+CombineUITests.xctest */;
			productType = "com.apple.product-type.bundle.ui-testing";
		};
/* End PBXNativeTarget section */

/* Begin PBXProject section */
		01D53E4B2542C912008C98B5 /* Project object */ = {
			isa = PBXProject;
			attributes = {
				LastSwiftUpdateCheck = 1200;
				LastUpgradeCheck = 1200;
				TargetAttributes = {
					01D53E522542C912008C98B5 = {
						CreatedOnToolsVersion = 12.0;
					};
					01D53E682542C913008C98B5 = {
						CreatedOnToolsVersion = 12.0;
						TestTargetID = 01D53E522542C912008C98B5;
					};
					01D53E732542C913008C98B5 = {
						CreatedOnToolsVersion = 12.0;
						TestTargetID = 01D53E522542C912008C98B5;
					};
				};
			};
			buildConfigurationList = 01D53E4E2542C912008C98B5 /* Build configuration list for PBXProject "UIKit+Combine" */;
			compatibilityVersion = "Xcode 9.3";
			developmentRegion = en;
			hasScannedForEncodings = 0;
			knownRegions = (
				en,
				Base,
			);
			mainGroup = 01D53E4A2542C912008C98B5;
			productRefGroup = 01D53E542542C912008C98B5 /* Products */;
			projectDirPath = "";
			projectRoot = "";
			targets = (
				01D53E522542C912008C98B5 /* UIKit+Combine */,
				01D53E682542C913008C98B5 /* UIKit+CombineTests */,
				01D53E732542C913008C98B5 /* UIKit+CombineUITests */,
			);
		};
/* End PBXProject section */

/* Begin PBXResourcesBuildPhase section */
		01D53E512542C912008C98B5 /* Resources */ = {
			isa = PBXResourcesBuildPhase;
			buildActionMask = 2147483647;
			files = (
				01D53E632542C913008C98B5 /* LaunchScreen.storyboard in Resources */,
				01D53E602542C913008C98B5 /* Assets.xcassets in Resources */,
				015819AB2547FAEC0095CC83 /* StringTableViewCell.xib in Resources */,
				01D53E5E2542C912008C98B5 /* Main.storyboard in Resources */,
			);
			runOnlyForDeploymentPostprocessing = 0;
		};
		01D53E672542C913008C98B5 /* Resources */ = {
			isa = PBXResourcesBuildPhase;
			buildActionMask = 2147483647;
			files = (
			);
			runOnlyForDeploymentPostprocessing = 0;
		};
		01D53E722542C913008C98B5 /* Resources */ = {
			isa = PBXResourcesBuildPhase;
			buildActionMask = 2147483647;
			files = (
			);
			runOnlyForDeploymentPostprocessing = 0;
		};
/* End PBXResourcesBuildPhase section */

/* Begin PBXSourcesBuildPhase section */
		01D53E4F2542C912008C98B5 /* Sources */ = {
			isa = PBXSourcesBuildPhase;
			buildActionMask = 2147483647;
			files = (
				01D53E9B2542CBAC008C98B5 /* LoginViewController.swift in Sources */,
				015602A52546A1C9009C8D71 /* SignUpViewController.swift in Sources */,
				01D53E5B2542C912008C98B5 /* MainViewController.swift in Sources */,
				0158199D2547D85A0095CC83 /* TableViewController.swift in Sources */,
				015819AA2547FAEC0095CC83 /* StringTableViewCell.swift in Sources */,
				01D53E572542C912008C98B5 /* AppDelegate.swift in Sources */,
				01D53EA02542CC0F008C98B5 /* LoginViewModel.swift in Sources */,
				015819A22547D86F0095CC83 /* TableViewModel.swift in Sources */,
				01D53E592542C912008C98B5 /* SceneDelegate.swift in Sources */,
				015602AD2546A1F7009C8D71 /* SignUpViewModel.swift in Sources */,
				015819B02547FB510095CC83 /* StringViewModel.swift in Sources */,
			);
			runOnlyForDeploymentPostprocessing = 0;
		};
		01D53E652542C913008C98B5 /* Sources */ = {
			isa = PBXSourcesBuildPhase;
			buildActionMask = 2147483647;
			files = (
				01D53E6E2542C913008C98B5 /* UIKit_CombineTests.swift in Sources */,
			);
			runOnlyForDeploymentPostprocessing = 0;
		};
		01D53E702542C913008C98B5 /* Sources */ = {
			isa = PBXSourcesBuildPhase;
			buildActionMask = 2147483647;
			files = (
				01D53E792542C913008C98B5 /* UIKit_CombineUITests.swift in Sources */,
			);
			runOnlyForDeploymentPostprocessing = 0;
		};
/* End PBXSourcesBuildPhase section */

/* Begin PBXTargetDependency section */
		01D53E6B2542C913008C98B5 /* PBXTargetDependency */ = {
			isa = PBXTargetDependency;
			target = 01D53E522542C912008C98B5 /* UIKit+Combine */;
			targetProxy = 01D53E6A2542C913008C98B5 /* PBXContainerItemProxy */;
		};
		01D53E762542C913008C98B5 /* PBXTargetDependency */ = {
			isa = PBXTargetDependency;
			target = 01D53E522542C912008C98B5 /* UIKit+Combine */;
			targetProxy = 01D53E752542C913008C98B5 /* PBXContainerItemProxy */;
		};
/* End PBXTargetDependency section */

/* Begin PBXVariantGroup section */
		01D53E5C2542C912008C98B5 /* Main.storyboard */ = {
			isa = PBXVariantGroup;
			children = (
				01D53E5D2542C912008C98B5 /* Base */,
			);
			name = Main.storyboard;
			sourceTree = "<group>";
		};
		01D53E612542C913008C98B5 /* LaunchScreen.storyboard */ = {
			isa = PBXVariantGroup;
			children = (
				01D53E622542C913008C98B5 /* Base */,
			);
			name = LaunchScreen.storyboard;
			sourceTree = "<group>";
		};
/* End PBXVariantGroup section */

/* Begin XCBuildConfiguration section */
		01D53E7B2542C913008C98B5 /* Debug */ = {
			isa = XCBuildConfiguration;
			buildSettings = {
				ALWAYS_SEARCH_USER_PATHS = NO;
				CLANG_ANALYZER_NONNULL = YES;
				CLANG_ANALYZER_NUMBER_OBJECT_CONVERSION = YES_AGGRESSIVE;
				CLANG_CXX_LANGUAGE_STANDARD = "gnu++14";
				CLANG_CXX_LIBRARY = "libc++";
				CLANG_ENABLE_MODULES = YES;
				CLANG_ENABLE_OBJC_ARC = YES;
				CLANG_ENABLE_OBJC_WEAK = YES;
				CLANG_WARN_BLOCK_CAPTURE_AUTORELEASING = YES;
				CLANG_WARN_BOOL_CONVERSION = YES;
				CLANG_WARN_COMMA = YES;
				CLANG_WARN_CONSTANT_CONVERSION = YES;
				CLANG_WARN_DEPRECATED_OBJC_IMPLEMENTATIONS = YES;
				CLANG_WARN_DIRECT_OBJC_ISA_USAGE = YES_ERROR;
				CLANG_WARN_DOCUMENTATION_COMMENTS = YES;
				CLANG_WARN_EMPTY_BODY = YES;
				CLANG_WARN_ENUM_CONVERSION = YES;
				CLANG_WARN_INFINITE_RECURSION = YES;
				CLANG_WARN_INT_CONVERSION = YES;
				CLANG_WARN_NON_LITERAL_NULL_CONVERSION = YES;
				CLANG_WARN_OBJC_IMPLICIT_RETAIN_SELF = YES;
				CLANG_WARN_OBJC_LITERAL_CONVERSION = YES;
				CLANG_WARN_OBJC_ROOT_CLASS = YES_ERROR;
				CLANG_WARN_QUOTED_INCLUDE_IN_FRAMEWORK_HEADER = YES;
				CLANG_WARN_RANGE_LOOP_ANALYSIS = YES;
				CLANG_WARN_STRICT_PROTOTYPES = YES;
				CLANG_WARN_SUSPICIOUS_MOVE = YES;
				CLANG_WARN_UNGUARDED_AVAILABILITY = YES_AGGRESSIVE;
				CLANG_WARN_UNREACHABLE_CODE = YES;
				CLANG_WARN__DUPLICATE_METHOD_MATCH = YES;
				COPY_PHASE_STRIP = NO;
				DEBUG_INFORMATION_FORMAT = dwarf;
				ENABLE_STRICT_OBJC_MSGSEND = YES;
				ENABLE_TESTABILITY = YES;
				GCC_C_LANGUAGE_STANDARD = gnu11;
				GCC_DYNAMIC_NO_PIC = NO;
				GCC_NO_COMMON_BLOCKS = YES;
				GCC_OPTIMIZATION_LEVEL = 0;
				GCC_PREPROCESSOR_DEFINITIONS = (
					"DEBUG=1",
					"$(inherited)",
				);
				GCC_WARN_64_TO_32_BIT_CONVERSION = YES;
				GCC_WARN_ABOUT_RETURN_TYPE = YES_ERROR;
				GCC_WARN_UNDECLARED_SELECTOR = YES;
				GCC_WARN_UNINITIALIZED_AUTOS = YES_AGGRESSIVE;
				GCC_WARN_UNUSED_FUNCTION = YES;
				GCC_WARN_UNUSED_VARIABLE = YES;
				IPHONEOS_DEPLOYMENT_TARGET = 14.0;
				MTL_ENABLE_DEBUG_INFO = INCLUDE_SOURCE;
				MTL_FAST_MATH = YES;
				ONLY_ACTIVE_ARCH = YES;
				SDKROOT = iphoneos;
				SWIFT_ACTIVE_COMPILATION_CONDITIONS = DEBUG;
				SWIFT_OPTIMIZATION_LEVEL = "-Onone";
			};
			name = Debug;
		};
		01D53E7C2542C913008C98B5 /* Release */ = {
			isa = XCBuildConfiguration;
			buildSettings = {
				ALWAYS_SEARCH_USER_PATHS = NO;
				CLANG_ANALYZER_NONNULL = YES;
				CLANG_ANALYZER_NUMBER_OBJECT_CONVERSION = YES_AGGRESSIVE;
				CLANG_CXX_LANGUAGE_STANDARD = "gnu++14";
				CLANG_CXX_LIBRARY = "libc++";
				CLANG_ENABLE_MODULES = YES;
				CLANG_ENABLE_OBJC_ARC = YES;
				CLANG_ENABLE_OBJC_WEAK = YES;
				CLANG_WARN_BLOCK_CAPTURE_AUTORELEASING = YES;
				CLANG_WARN_BOOL_CONVERSION = YES;
				CLANG_WARN_COMMA = YES;
				CLANG_WARN_CONSTANT_CONVERSION = YES;
				CLANG_WARN_DEPRECATED_OBJC_IMPLEMENTATIONS = YES;
				CLANG_WARN_DIRECT_OBJC_ISA_USAGE = YES_ERROR;
				CLANG_WARN_DOCUMENTATION_COMMENTS = YES;
				CLANG_WARN_EMPTY_BODY = YES;
				CLANG_WARN_ENUM_CONVERSION = YES;
				CLANG_WARN_INFINITE_RECURSION = YES;
				CLANG_WARN_INT_CONVERSION = YES;
				CLANG_WARN_NON_LITERAL_NULL_CONVERSION = YES;
				CLANG_WARN_OBJC_IMPLICIT_RETAIN_SELF = YES;
				CLANG_WARN_OBJC_LITERAL_CONVERSION = YES;
				CLANG_WARN_OBJC_ROOT_CLASS = YES_ERROR;
				CLANG_WARN_QUOTED_INCLUDE_IN_FRAMEWORK_HEADER = YES;
				CLANG_WARN_RANGE_LOOP_ANALYSIS = YES;
				CLANG_WARN_STRICT_PROTOTYPES = YES;
				CLANG_WARN_SUSPICIOUS_MOVE = YES;
				CLANG_WARN_UNGUARDED_AVAILABILITY = YES_AGGRESSIVE;
				CLANG_WARN_UNREACHABLE_CODE = YES;
				CLANG_WARN__DUPLICATE_METHOD_MATCH = YES;
				COPY_PHASE_STRIP = NO;
				DEBUG_INFORMATION_FORMAT = "dwarf-with-dsym";
				ENABLE_NS_ASSERTIONS = NO;
				ENABLE_STRICT_OBJC_MSGSEND = YES;
				GCC_C_LANGUAGE_STANDARD = gnu11;
				GCC_NO_COMMON_BLOCKS = YES;
				GCC_WARN_64_TO_32_BIT_CONVERSION = YES;
				GCC_WARN_ABOUT_RETURN_TYPE = YES_ERROR;
				GCC_WARN_UNDECLARED_SELECTOR = YES;
				GCC_WARN_UNINITIALIZED_AUTOS = YES_AGGRESSIVE;
				GCC_WARN_UNUSED_FUNCTION = YES;
				GCC_WARN_UNUSED_VARIABLE = YES;
				IPHONEOS_DEPLOYMENT_TARGET = 14.0;
				MTL_ENABLE_DEBUG_INFO = NO;
				MTL_FAST_MATH = YES;
				SDKROOT = iphoneos;
				SWIFT_COMPILATION_MODE = wholemodule;
				SWIFT_OPTIMIZATION_LEVEL = "-O";
				VALIDATE_PRODUCT = YES;
			};
			name = Release;
		};
		01D53E7E2542C913008C98B5 /* Debug */ = {
			isa = XCBuildConfiguration;
			buildSettings = {
				ASSETCATALOG_COMPILER_APPICON_NAME = AppIcon;
				ASSETCATALOG_COMPILER_GLOBAL_ACCENT_COLOR_NAME = AccentColor;
				CODE_SIGN_STYLE = Automatic;
				INFOPLIST_FILE = "UIKit+Combine/Info.plist";
				LD_RUNPATH_SEARCH_PATHS = (
					"$(inherited)",
					"@executable_path/Frameworks",
				);
				PRODUCT_BUNDLE_IDENTIFIER = "com.example.stacey.UIKit-Combine";
				PRODUCT_NAME = "$(TARGET_NAME)";
				SWIFT_VERSION = 5.0;
				TARGETED_DEVICE_FAMILY = "1,2";
			};
			name = Debug;
		};
		01D53E7F2542C913008C98B5 /* Release */ = {
			isa = XCBuildConfiguration;
			buildSettings = {
				ASSETCATALOG_COMPILER_APPICON_NAME = AppIcon;
				ASSETCATALOG_COMPILER_GLOBAL_ACCENT_COLOR_NAME = AccentColor;
				CODE_SIGN_STYLE = Automatic;
				INFOPLIST_FILE = "UIKit+Combine/Info.plist";
				LD_RUNPATH_SEARCH_PATHS = (
					"$(inherited)",
					"@executable_path/Frameworks",
				);
				PRODUCT_BUNDLE_IDENTIFIER = "com.example.stacey.UIKit-Combine";
				PRODUCT_NAME = "$(TARGET_NAME)";
				SWIFT_VERSION = 5.0;
				TARGETED_DEVICE_FAMILY = "1,2";
			};
			name = Release;
		};
		01D53E812542C913008C98B5 /* Debug */ = {
			isa = XCBuildConfiguration;
			buildSettings = {
				ALWAYS_EMBED_SWIFT_STANDARD_LIBRARIES = YES;
				BUNDLE_LOADER = "$(TEST_HOST)";
				CODE_SIGN_STYLE = Automatic;
				INFOPLIST_FILE = "UIKit+CombineTests/Info.plist";
				IPHONEOS_DEPLOYMENT_TARGET = 14.0;
				LD_RUNPATH_SEARCH_PATHS = (
					"$(inherited)",
					"@executable_path/Frameworks",
					"@loader_path/Frameworks",
				);
				PRODUCT_BUNDLE_IDENTIFIER = "com.example.stacey.UIKit-CombineTests";
				PRODUCT_NAME = "$(TARGET_NAME)";
				SWIFT_VERSION = 5.0;
				TARGETED_DEVICE_FAMILY = "1,2";
				TEST_HOST = "$(BUILT_PRODUCTS_DIR)/UIKit+Combine.app/UIKit+Combine";
			};
			name = Debug;
		};
		01D53E822542C913008C98B5 /* Release */ = {
			isa = XCBuildConfiguration;
			buildSettings = {
				ALWAYS_EMBED_SWIFT_STANDARD_LIBRARIES = YES;
				BUNDLE_LOADER = "$(TEST_HOST)";
				CODE_SIGN_STYLE = Automatic;
				INFOPLIST_FILE = "UIKit+CombineTests/Info.plist";
				IPHONEOS_DEPLOYMENT_TARGET = 14.0;
				LD_RUNPATH_SEARCH_PATHS = (
					"$(inherited)",
					"@executable_path/Frameworks",
					"@loader_path/Frameworks",
				);
				PRODUCT_BUNDLE_IDENTIFIER = "com.example.stacey.UIKit-CombineTests";
				PRODUCT_NAME = "$(TARGET_NAME)";
				SWIFT_VERSION = 5.0;
				TARGETED_DEVICE_FAMILY = "1,2";
				TEST_HOST = "$(BUILT_PRODUCTS_DIR)/UIKit+Combine.app/UIKit+Combine";
			};
			name = Release;
		};
		01D53E842542C913008C98B5 /* Debug */ = {
			isa = XCBuildConfiguration;
			buildSettings = {
				ALWAYS_EMBED_SWIFT_STANDARD_LIBRARIES = YES;
				CODE_SIGN_STYLE = Automatic;
				INFOPLIST_FILE = "UIKit+CombineUITests/Info.plist";
				LD_RUNPATH_SEARCH_PATHS = (
					"$(inherited)",
					"@executable_path/Frameworks",
					"@loader_path/Frameworks",
				);
				PRODUCT_BUNDLE_IDENTIFIER = "com.example.stacey.UIKit-CombineUITests";
				PRODUCT_NAME = "$(TARGET_NAME)";
				SWIFT_VERSION = 5.0;
				TARGETED_DEVICE_FAMILY = "1,2";
				TEST_TARGET_NAME = "UIKit+Combine";
			};
			name = Debug;
		};
		01D53E852542C913008C98B5 /* Release */ = {
			isa = XCBuildConfiguration;
			buildSettings = {
				ALWAYS_EMBED_SWIFT_STANDARD_LIBRARIES = YES;
				CODE_SIGN_STYLE = Automatic;
				INFOPLIST_FILE = "UIKit+CombineUITests/Info.plist";
				LD_RUNPATH_SEARCH_PATHS = (
					"$(inherited)",
					"@executable_path/Frameworks",
					"@loader_path/Frameworks",
				);
				PRODUCT_BUNDLE_IDENTIFIER = "com.example.stacey.UIKit-CombineUITests";
				PRODUCT_NAME = "$(TARGET_NAME)";
				SWIFT_VERSION = 5.0;
				TARGETED_DEVICE_FAMILY = "1,2";
				TEST_TARGET_NAME = "UIKit+Combine";
			};
			name = Release;
		};
/* End XCBuildConfiguration section */

/* Begin XCConfigurationList section */
		01D53E4E2542C912008C98B5 /* Build configuration list for PBXProject "UIKit+Combine" */ = {
			isa = XCConfigurationList;
			buildConfigurations = (
				01D53E7B2542C913008C98B5 /* Debug */,
				01D53E7C2542C913008C98B5 /* Release */,
			);
			defaultConfigurationIsVisible = 0;
			defaultConfigurationName = Release;
		};
		01D53E7D2542C913008C98B5 /* Build configuration list for PBXNativeTarget "UIKit+Combine" */ = {
			isa = XCConfigurationList;
			buildConfigurations = (
				01D53E7E2542C913008C98B5 /* Debug */,
				01D53E7F2542C913008C98B5 /* Release */,
			);
			defaultConfigurationIsVisible = 0;
			defaultConfigurationName = Release;
		};
		01D53E802542C913008C98B5 /* Build configuration list for PBXNativeTarget "UIKit+CombineTests" */ = {
			isa = XCConfigurationList;
			buildConfigurations = (
				01D53E812542C913008C98B5 /* Debug */,
				01D53E822542C913008C98B5 /* Release */,
			);
			defaultConfigurationIsVisible = 0;
			defaultConfigurationName = Release;
		};
		01D53E832542C913008C98B5 /* Build configuration list for PBXNativeTarget "UIKit+CombineUITests" */ = {
			isa = XCConfigurationList;
			buildConfigurations = (
				01D53E842542C913008C98B5 /* Debug */,
				01D53E852542C913008C98B5 /* Release */,
			);
			defaultConfigurationIsVisible = 0;
			defaultConfigurationName = Release;
		};
/* End XCConfigurationList section */
	};
	rootObject = 01D53E4B2542C912008C98B5 /* Project object */;
}
